
Microsoft Visual Studio Solution File, Format Version 12.00
# Visual Studio Version 16
VisualStudioVersion = 16.0.34031.81
MinimumVisualStudioVersion = 10.0.40219.1
Project("{FAE04EC0-301F-11D3-BF4B-00C04F79EFBC}") = "Apteka", "Apteka\Apteka.csproj", "{739BB536-C906-43AB-8B64-2E86862FF4C3}"
EndProject
Global
	GlobalSection(SolutionConfigurationPlatforms) = preSolution
		Debug|Any CPU = Debug|Any CPU
		Release|Any CPU = Release|Any CPU
	EndGlobalSection
	GlobalSection(ProjectConfigurationPlatforms) = postSolution
		{739BB536-C906-43AB-8B64-2E86862FF4C3}.Debug|Any CPU.ActiveCfg = Debug|Any CPU
		{739BB536-C906-43AB-8B64-2E86862FF4C3}.Debug|Any CPU.Build.0 = Debug|Any CPU
		{739BB536-C906-43AB-8B64-2E86862FF4C3}.Release|Any CPU.ActiveCfg = Release|Any CPU
		{739BB536-C906-43AB-8B64-2E86862FF4C3}.Release|Any CPU.Build.0 = Release|Any CPU
	EndGlobalSection
	GlobalSection(SolutionProperties) = preSolution
		HideSolutionNode = FALSE
	EndGlobalSection
	GlobalSection(ExtensibilityGlobals) = postSolution
		SolutionGuid = {3B0D9E62-87B0-4E93-BB68-DC5A803CD36B}
	EndGlobalSection
EndGlobal
